
Microsoft Visual Studio Solution File, Format Version 12.00
# Visual Studio Version 17
VisualStudioVersion = 17.0.31903.59
MinimumVisualStudioVersion = 10.0.40219.1
Project("{2150E333-8FDC-42A3-9474-1A3956D46DE8}") = "src", "src", "{D12B589C-2989-49A7-9776-B78C3428B853}"
EndProject
Project("{FAE04EC0-301F-11D3-BF4B-00C04F79EFBC}") = "PgEFCoreCopy", "src\PgEFCoreCopy\PgEFCoreCopy.csproj", "{8BA5ADCA-5224-4C70-AB0F-60E8B3B79D23}"
EndProject
Project("{2150E333-8FDC-42A3-9474-1A3956D46DE8}") = "test", "test", "{3528AF80-1DCF-4FEA-A820-6714C1D9A727}"
EndProject
Project("{FAE04EC0-301F-11D3-BF4B-00C04F79EFBC}") = "PgEFCoreCopy.Tests", "test\PgEFCoreCopy.Tests\PgEFCoreCopy.Tests.csproj", "{6493A45F-2F47-4A44-94E2-24277072FBFC}"
EndProject
Project("{FAE04EC0-301F-11D3-BF4B-00C04F79EFBC}") = "Benchmarks", "src\Benchmarks\Benchmarks.csproj", "{2C36CABB-E2BF-4EA8-B48B-814795EE5B04}"
EndProject
Global
	GlobalSection(SolutionConfigurationPlatforms) = preSolution
		Debug|Any CPU = Debug|Any CPU
		Release|Any CPU = Release|Any CPU
	EndGlobalSection
	GlobalSection(SolutionProperties) = preSolution
		HideSolutionNode = FALSE
	EndGlobalSection
	GlobalSection(ProjectConfigurationPlatforms) = postSolution
		{8BA5ADCA-5224-4C70-AB0F-60E8B3B79D23}.Debug|Any CPU.ActiveCfg = Debug|Any CPU
		{8BA5ADCA-5224-4C70-AB0F-60E8B3B79D23}.Debug|Any CPU.Build.0 = Debug|Any CPU
		{8BA5ADCA-5224-4C70-AB0F-60E8B3B79D23}.Release|Any CPU.ActiveCfg = Release|Any CPU
		{8BA5ADCA-5224-4C70-AB0F-60E8B3B79D23}.Release|Any CPU.Build.0 = Release|Any CPU
		{6493A45F-2F47-4A44-94E2-24277072FBFC}.Debug|Any CPU.ActiveCfg = Debug|Any CPU
		{6493A45F-2F47-4A44-94E2-24277072FBFC}.Debug|Any CPU.Build.0 = Debug|Any CPU
		{6493A45F-2F47-4A44-94E2-24277072FBFC}.Release|Any CPU.ActiveCfg = Release|Any CPU
		{6493A45F-2F47-4A44-94E2-24277072FBFC}.Release|Any CPU.Build.0 = Release|Any CPU
		{2C36CABB-E2BF-4EA8-B48B-814795EE5B04}.Debug|Any CPU.ActiveCfg = Debug|Any CPU
		{2C36CABB-E2BF-4EA8-B48B-814795EE5B04}.Debug|Any CPU.Build.0 = Debug|Any CPU
		{2C36CABB-E2BF-4EA8-B48B-814795EE5B04}.Release|Any CPU.ActiveCfg = Release|Any CPU
		{2C36CABB-E2BF-4EA8-B48B-814795EE5B04}.Release|Any CPU.Build.0 = Release|Any CPU
	EndGlobalSection
	GlobalSection(NestedProjects) = preSolution
		{8BA5ADCA-5224-4C70-AB0F-60E8B3B79D23} = {D12B589C-2989-49A7-9776-B78C3428B853}
		{6493A45F-2F47-4A44-94E2-24277072FBFC} = {3528AF80-1DCF-4FEA-A820-6714C1D9A727}
		{2C36CABB-E2BF-4EA8-B48B-814795EE5B04} = {D12B589C-2989-49A7-9776-B78C3428B853}
	EndGlobalSection
EndGlobal
